
Microsoft Visual Studio Solution File, Format Version 12.00
# Visual Studio Version 17
VisualStudioVersion = 17.13.35919.96
MinimumVisualStudioVersion = 10.0.40219.1
Project("{FAE04EC0-301F-11D3-BF4B-00C04F79EFBC}") = "Mind-Your-Drink-App", "Mind-Your-Drink-App.csproj", "{9B11A19F-F696-45B6-96F7-43BDA979DE1C}"
EndProject
Project("{FAE04EC0-301F-11D3-BF4B-00C04F79EFBC}") = "Mind-Your-Drink-Server", "..\Mind-Your-Drink-Server\Mind-Your-Drink-Server.csproj", "{2915E6C8-6C47-4AD8-A91B-8DEEBB1FDC57}"
EndProject
Project("{FAE04EC0-301F-11D3-BF4B-00C04F79EFBC}") = "Mind-Your-Drink-Models", "..\Mind-Your-Drink-Models\Mind-Your-Drink-Models.csproj", "{F0AB532D-A871-4EA7-935A-F7BA15D354A1}"
EndProject
Global
	GlobalSection(SolutionConfigurationPlatforms) = preSolution
		Debug|Any CPU = Debug|Any CPU
		Release|Any CPU = Release|Any CPU
	EndGlobalSection
	GlobalSection(ProjectConfigurationPlatforms) = postSolution
		{9B11A19F-F696-45B6-96F7-43BDA979DE1C}.Debug|Any CPU.ActiveCfg = Debug|Any CPU
		{9B11A19F-F696-45B6-96F7-43BDA979DE1C}.Debug|Any CPU.Build.0 = Debug|Any CPU
		{9B11A19F-F696-45B6-96F7-43BDA979DE1C}.Debug|Any CPU.Deploy.0 = Debug|Any CPU
		{9B11A19F-F696-45B6-96F7-43BDA979DE1C}.Release|Any CPU.ActiveCfg = Release|Any CPU
		{9B11A19F-F696-45B6-96F7-43BDA979DE1C}.Release|Any CPU.Build.0 = Release|Any CPU
		{9B11A19F-F696-45B6-96F7-43BDA979DE1C}.Release|Any CPU.Deploy.0 = Release|Any CPU
		{2915E6C8-6C47-4AD8-A91B-8DEEBB1FDC57}.Debug|Any CPU.ActiveCfg = Debug|Any CPU
		{2915E6C8-6C47-4AD8-A91B-8DEEBB1FDC57}.Debug|Any CPU.Build.0 = Debug|Any CPU
		{2915E6C8-6C47-4AD8-A91B-8DEEBB1FDC57}.Release|Any CPU.ActiveCfg = Release|Any CPU
		{2915E6C8-6C47-4AD8-A91B-8DEEBB1FDC57}.Release|Any CPU.Build.0 = Release|Any CPU
		{F0AB532D-A871-4EA7-935A-F7BA15D354A1}.Debug|Any CPU.ActiveCfg = Debug|Any CPU
		{F0AB532D-A871-4EA7-935A-F7BA15D354A1}.Debug|Any CPU.Build.0 = Debug|Any CPU
		{F0AB532D-A871-4EA7-935A-F7BA15D354A1}.Release|Any CPU.ActiveCfg = Release|Any CPU
		{F0AB532D-A871-4EA7-935A-F7BA15D354A1}.Release|Any CPU.Build.0 = Release|Any CPU
	EndGlobalSection
	GlobalSection(SolutionProperties) = preSolution
		HideSolutionNode = FALSE
	EndGlobalSection
	GlobalSection(ExtensibilityGlobals) = postSolution
		SolutionGuid = {123CB2B8-0F63-40C7-A0FB-6471503AE56A}
	EndGlobalSection
EndGlobal
